{
  "name": "chat",
  "version": "1.0.0",
  "lockfileVersion": 1,
  "requires": true,
  "dependencies": {
    "real-ip": {
      "version": "1.0.3",
      "resolved": "https://registry.npmjs.org/real-ip/-/real-ip-1.0.3.tgz",
      "integrity": "sha512-WNqHhl5OCyNFpNalq0vl+gv0EoQHf75o/8WbXK+IYFgHL5QFp1/tvgyEeqIieSl8YEJUsGjf9yz8Yae0yyYocw==",
      "dev": true,
      "requires": {
        "transform-runtime": "^0.0.0"
      }
    },
    "transform-runtime": {
      "version": "0.0.0",
      "resolved": "https://registry.npmjs.org/transform-runtime/-/transform-runtime-0.0.0.tgz",
      "integrity": "sha1-5xTZtpIR3ZU3k51Q46pXiMRCuFw=",
      "dev": true
    }
  }
}
